// !$*UTF8*$!
{
	archiveVersion = 1;
	classes = {
	};
	objectVersion = 50;
	objects = {

/* Begin PBXBuildFile section */
		970FEB98240CD51F00F19A2E /* AppDelegate.swift in Sources */ = {isa = PBXBuildFile; fileRef = 970FEB97240CD51F00F19A2E /* AppDelegate.swift */; };
		970FEB9A240CD51F00F19A2E /* HUPUMainViewController.swift in Sources */ = {isa = PBXBuildFile; fileRef = 970FEB99240CD51F00F19A2E /* HUPUMainViewController.swift */; };
		970FEB9D240CD51F00F19A2E /* Main.storyboard in Resources */ = {isa = PBXBuildFile; fileRef = 970FEB9B240CD51F00F19A2E /* Main.storyboard */; };
		970FEB9F240CD52000F19A2E /* Assets.xcassets in Resources */ = {isa = PBXBuildFile; fileRef = 970FEB9E240CD52000F19A2E /* Assets.xcassets */; };
		970FEBA2240CD52000F19A2E /* LaunchScreen.storyboard in Resources */ = {isa = PBXBuildFile; fileRef = 970FEBA0240CD52000F19A2E /* LaunchScreen.storyboard */; };
		970FEBAC240CD5C100F19A2E /* HupuTitleView.swift in Sources */ = {isa = PBXBuildFile; fileRef = 970FEBAB240CD5C100F19A2E /* HupuTitleView.swift */; };
		970FEBAE240CD5F300F19A2E /* HupuContentView.swift in Sources */ = {isa = PBXBuildFile; fileRef = 970FEBAD240CD5F300F19A2E /* HupuContentView.swift */; };
		970FEBB2240D062500F19A2E /* HUPURecommandViewController.swift in Sources */ = {isa = PBXBuildFile; fileRef = 970FEBB1240D062500F19A2E /* HUPURecommandViewController.swift */; };
		9716CF772410A1AB00FB971F /* CKSlideMenu.swift in Sources */ = {isa = PBXBuildFile; fileRef = 9716CF762410A1AB00FB971F /* CKSlideMenu.swift */; };
		9716CF7D2410EEAC00FB971F /* PopupMenuCell.swift in Sources */ = {isa = PBXBuildFile; fileRef = 9716CF792410EEAB00FB971F /* PopupMenuCell.swift */; };
		9716CF7E2410EEAC00FB971F /* PopupMenu.swift in Sources */ = {isa = PBXBuildFile; fileRef = 9716CF7A2410EEAB00FB971F /* PopupMenu.swift */; };
		9716CF7F2410EEAC00FB971F /* RectConst.swift in Sources */ = {isa = PBXBuildFile; fileRef = 9716CF7B2410EEAB00FB971F /* RectConst.swift */; };
		9716CF802410EEAC00FB971F /* PopupMenuPath.swift in Sources */ = {isa = PBXBuildFile; fileRef = 9716CF7C2410EEAB00FB971F /* PopupMenuPath.swift */; };
		97343773240DF0370045CCC5 /* HUPUMatchViewController.swift in Sources */ = {isa = PBXBuildFile; fileRef = 97343772240DF0370045CCC5 /* HUPUMatchViewController.swift */; };
		97343776240DF07B0045CCC5 /* Common.swift in Sources */ = {isa = PBXBuildFile; fileRef = 97343775240DF07B0045CCC5 /* Common.swift */; };
		97343779240DF1D50045CCC5 /* HUPUCommunityViewController.swift in Sources */ = {isa = PBXBuildFile; fileRef = 97343778240DF1D50045CCC5 /* HUPUCommunityViewController.swift */; };
		9734377C240DF2160045CCC5 /* HUPUVedioViewController.swift in Sources */ = {isa = PBXBuildFile; fileRef = 9734377B240DF2160045CCC5 /* HUPUVedioViewController.swift */; };
		9734377F240DF2600045CCC5 /* HUPUMoreViewController.swift in Sources */ = {isa = PBXBuildFile; fileRef = 9734377E240DF2600045CCC5 /* HUPUMoreViewController.swift */; };
		97343781240DF5350045CCC5 /* HUPUNBAViewController.swift in Sources */ = {isa = PBXBuildFile; fileRef = 97343780240DF5350045CCC5 /* HUPUNBAViewController.swift */; };
		97343783240DF54E0045CCC5 /* HUPUFootballViewController.swift in Sources */ = {isa = PBXBuildFile; fileRef = 97343782240DF54E0045CCC5 /* HUPUFootballViewController.swift */; };
		97343785240DF56F0045CCC5 /* HUPUFollowViewController.swift in Sources */ = {isa = PBXBuildFile; fileRef = 97343784240DF56F0045CCC5 /* HUPUFollowViewController.swift */; };
		97343787240DF5DD0045CCC5 /* HUPUCBAViewController.swift in Sources */ = {isa = PBXBuildFile; fileRef = 97343786240DF5DD0045CCC5 /* HUPUCBAViewController.swift */; };
		97343789240DFDB50045CCC5 /* UIColor+Extension.swift in Sources */ = {isa = PBXBuildFile; fileRef = 97343788240DFDB50045CCC5 /* UIColor+Extension.swift */; };
		973D843B2415E0650024702C /* CommunityTopicHeader.swift in Sources */ = {isa = PBXBuildFile; fileRef = 973D843A2415E0650024702C /* CommunityTopicHeader.swift */; };
		97A2261B240F49CF00223293 /* HupuSlideView.swift in Sources */ = {isa = PBXBuildFile; fileRef = 97A2261A240F49CF00223293 /* HupuSlideView.swift */; };
		97EE42F3241222C000084584 /* CommunityFollowViewController.swift in Sources */ = {isa = PBXBuildFile; fileRef = 97EE42F2241222C000084584 /* CommunityFollowViewController.swift */; };
		97EE42F5241222E300084584 /* CommunityTopicViewController.swift in Sources */ = {isa = PBXBuildFile; fileRef = 97EE42F4241222E300084584 /* CommunityTopicViewController.swift */; };
		97EE42F724122C6700084584 /* CommunityTopicModel.swift in Sources */ = {isa = PBXBuildFile; fileRef = 97EE42F624122C6700084584 /* CommunityTopicModel.swift */; };
		97EE42FA2412345A00084584 /* CommunityTopicCell.swift in Sources */ = {isa = PBXBuildFile; fileRef = 97EE42F92412345A00084584 /* CommunityTopicCell.swift */; };
		97EE42FD2412356500084584 /* CommunityCatageryCell.swift in Sources */ = {isa = PBXBuildFile; fileRef = 97EE42FC2412356500084584 /* CommunityCatageryCell.swift */; };
/* End PBXBuildFile section */

/* Begin PBXFileReference section */
		970FEB94240CD51F00F19A2E /* VTHupu.app */ = {isa = PBXFileReference; explicitFileType = wrapper.application; includeInIndex = 0; path = VTHupu.app; sourceTree = BUILT_PRODUCTS_DIR; };
		970FEB97240CD51F00F19A2E /* AppDelegate.swift */ = {isa = PBXFileReference; lastKnownFileType = sourcecode.swift; path = AppDelegate.swift; sourceTree = "<group>"; };
		970FEB99240CD51F00F19A2E /* HUPUMainViewController.swift */ = {isa = PBXFileReference; lastKnownFileType = sourcecode.swift; path = HUPUMainViewController.swift; sourceTree = "<group>"; };
		970FEB9C240CD51F00F19A2E /* Base */ = {isa = PBXFileReference; lastKnownFileType = file.storyboard; name = Base; path = Base.lproj/Main.storyboard; sourceTree = "<group>"; };
		970FEB9E240CD52000F19A2E /* Assets.xcassets */ = {isa = PBXFileReference; lastKnownFileType = folder.assetcatalog; path = Assets.xcassets; sourceTree = "<group>"; };
		970FEBA1240CD52000F19A2E /* Base */ = {isa = PBXFileReference; lastKnownFileType = file.storyboard; name = Base; path = Base.lproj/LaunchScreen.storyboard; sourceTree = "<group>"; };
		970FEBAB240CD5C100F19A2E /* HupuTitleView.swift */ = {isa = PBXFileReference; lastKnownFileType = sourcecode.swift; path = HupuTitleView.swift; sourceTree = "<group>"; };
		970FEBAD240CD5F300F19A2E /* HupuContentView.swift */ = {isa = PBXFileReference; lastKnownFileType = sourcecode.swift; path = HupuContentView.swift; sourceTree = "<group>"; };
		970FEBB1240D062500F19A2E /* HUPURecommandViewController.swift */ = {isa = PBXFileReference; lastKnownFileType = sourcecode.swift; path = HUPURecommandViewController.swift; sourceTree = "<group>"; };
		9716CF762410A1AB00FB971F /* CKSlideMenu.swift */ = {isa = PBXFileReference; fileEncoding = 4; lastKnownFileType = sourcecode.swift; path = CKSlideMenu.swift; sourceTree = "<group>"; };
		9716CF792410EEAB00FB971F /* PopupMenuCell.swift */ = {isa = PBXFileReference; fileEncoding = 4; lastKnownFileType = sourcecode.swift; path = PopupMenuCell.swift; sourceTree = "<group>"; };
		9716CF7A2410EEAB00FB971F /* PopupMenu.swift */ = {isa = PBXFileReference; fileEncoding = 4; lastKnownFileType = sourcecode.swift; path = PopupMenu.swift; sourceTree = "<group>"; };
		9716CF7B2410EEAB00FB971F /* RectConst.swift */ = {isa = PBXFileReference; fileEncoding = 4; lastKnownFileType = sourcecode.swift; path = RectConst.swift; sourceTree = "<group>"; };
		9716CF7C2410EEAB00FB971F /* PopupMenuPath.swift */ = {isa = PBXFileReference; fileEncoding = 4; lastKnownFileType = sourcecode.swift; path = PopupMenuPath.swift; sourceTree = "<group>"; };
		97343772240DF0370045CCC5 /* HUPUMatchViewController.swift */ = {isa = PBXFileReference; lastKnownFileType = sourcecode.swift; path = HUPUMatchViewController.swift; sourceTree = "<group>"; };
		97343775240DF07B0045CCC5 /* Common.swift */ = {isa = PBXFileReference; lastKnownFileType = sourcecode.swift; path = Common.swift; sourceTree = "<group>"; };
		97343778240DF1D50045CCC5 /* HUPUCommunityViewController.swift */ = {isa = PBXFileReference; lastKnownFileType = sourcecode.swift; path = HUPUCommunityViewController.swift; sourceTree = "<group>"; };
		9734377B240DF2160045CCC5 /* HUPUVedioViewController.swift */ = {isa = PBXFileReference; lastKnownFileType = sourcecode.swift; path = HUPUVedioViewController.swift; sourceTree = "<group>"; };
		9734377E240DF2600045CCC5 /* HUPUMoreViewController.swift */ = {isa = PBXFileReference; lastKnownFileType = sourcecode.swift; path = HUPUMoreViewController.swift; sourceTree = "<group>"; };
		97343780240DF5350045CCC5 /* HUPUNBAViewController.swift */ = {isa = PBXFileReference; lastKnownFileType = sourcecode.swift; path = HUPUNBAViewController.swift; sourceTree = "<group>"; };
		97343782240DF54E0045CCC5 /* HUPUFootballViewController.swift */ = {isa = PBXFileReference; lastKnownFileType = sourcecode.swift; path = HUPUFootballViewController.swift; sourceTree = "<group>"; };
		97343784240DF56F0045CCC5 /* HUPUFollowViewController.swift */ = {isa = PBXFileReference; lastKnownFileType = sourcecode.swift; path = HUPUFollowViewController.swift; sourceTree = "<group>"; };
		97343786240DF5DD0045CCC5 /* HUPUCBAViewController.swift */ = {isa = PBXFileReference; lastKnownFileType = sourcecode.swift; path = HUPUCBAViewController.swift; sourceTree = "<group>"; };
		97343788240DFDB50045CCC5 /* UIColor+Extension.swift */ = {isa = PBXFileReference; lastKnownFileType = sourcecode.swift; path = "UIColor+Extension.swift"; sourceTree = "<group>"; };
		973D843A2415E0650024702C /* CommunityTopicHeader.swift */ = {isa = PBXFileReference; lastKnownFileType = sourcecode.swift; path = CommunityTopicHeader.swift; sourceTree = "<group>"; };
		97A2261A240F49CF00223293 /* HupuSlideView.swift */ = {isa = PBXFileReference; lastKnownFileType = sourcecode.swift; path = HupuSlideView.swift; sourceTree = "<group>"; };
		97EE42F2241222C000084584 /* CommunityFollowViewController.swift */ = {isa = PBXFileReference; lastKnownFileType = sourcecode.swift; path = CommunityFollowViewController.swift; sourceTree = "<group>"; };
		97EE42F4241222E300084584 /* CommunityTopicViewController.swift */ = {isa = PBXFileReference; lastKnownFileType = sourcecode.swift; path = CommunityTopicViewController.swift; sourceTree = "<group>"; };
		97EE42F624122C6700084584 /* CommunityTopicModel.swift */ = {isa = PBXFileReference; lastKnownFileType = sourcecode.swift; path = CommunityTopicModel.swift; sourceTree = "<group>"; };
		97EE42F92412345A00084584 /* CommunityTopicCell.swift */ = {isa = PBXFileReference; lastKnownFileType = sourcecode.swift; path = CommunityTopicCell.swift; sourceTree = "<group>"; };
		97EE42FC2412356500084584 /* CommunityCatageryCell.swift */ = {isa = PBXFileReference; lastKnownFileType = sourcecode.swift; path = CommunityCatageryCell.swift; sourceTree = "<group>"; };
/* End PBXFileReference section */

/* Begin PBXFrameworksBuildPhase section */
		970FEB91240CD51F00F19A2E /* Frameworks */ = {
			isa = PBXFrameworksBuildPhase;
			buildActionMask = 2147483647;
			files = (
			);
			runOnlyForDeploymentPostprocessing = 0;
		};
/* End PBXFrameworksBuildPhase section */

/* Begin PBXGroup section */
		970FEB8B240CD51F00F19A2E = {
			isa = PBXGroup;
			children = (
				970FEB96240CD51F00F19A2E /* VTHupu */,
				970FEB95240CD51F00F19A2E /* Products */,
			);
			sourceTree = "<group>";
		};
		970FEB95240CD51F00F19A2E /* Products */ = {
			isa = PBXGroup;
			children = (
				970FEB94240CD51F00F19A2E /* VTHupu.app */,
			);
			name = Products;
			sourceTree = "<group>";
		};
		970FEB96240CD51F00F19A2E /* VTHupu */ = {
			isa = PBXGroup;
			children = (
				9716CF752410A18900FB971F /* ThirdLib */,
				97343774240DF0530045CCC5 /* Common */,
				9734376C240DEE7A0045CCC5 /* More */,
				9734376B240DEE6D0045CCC5 /* Vedio */,
				9734376A240DEE5B0045CCC5 /* Community */,
				97343769240DEE420045CCC5 /* Recommand */,
				97343768240DEDF90045CCC5 /* Main */,
				97343765240DED560045CCC5 /* Match */,
				970FEB97240CD51F00F19A2E /* AppDelegate.swift */,
				970FEB9B240CD51F00F19A2E /* Main.storyboard */,
				970FEB9E240CD52000F19A2E /* Assets.xcassets */,
				970FEBA0240CD52000F19A2E /* LaunchScreen.storyboard */,
			);
			path = VTHupu;
			sourceTree = "<group>";
		};
		9716CF752410A18900FB971F /* ThirdLib */ = {
			isa = PBXGroup;
			children = (
				9716CF782410EEAB00FB971F /* PopupMenu */,
				9716CF762410A1AB00FB971F /* CKSlideMenu.swift */,
			);
			path = ThirdLib;
			sourceTree = "<group>";
		};
		9716CF782410EEAB00FB971F /* PopupMenu */ = {
			isa = PBXGroup;
			children = (
				9716CF792410EEAB00FB971F /* PopupMenuCell.swift */,
				9716CF7A2410EEAB00FB971F /* PopupMenu.swift */,
				9716CF7B2410EEAB00FB971F /* RectConst.swift */,
				9716CF7C2410EEAB00FB971F /* PopupMenuPath.swift */,
			);
			path = PopupMenu;
			sourceTree = "<group>";
		};
		97343765240DED560045CCC5 /* Match */ = {
			isa = PBXGroup;
			children = (
				97343766240DEDC90045CCC5 /* ViewController */,
			);
			path = Match;
			sourceTree = "<group>";
		};
		97343766240DEDC90045CCC5 /* ViewController */ = {
			isa = PBXGroup;
			children = (
				97343780240DF5350045CCC5 /* HUPUNBAViewController.swift */,
				97343772240DF0370045CCC5 /* HUPUMatchViewController.swift */,
				97343782240DF54E0045CCC5 /* HUPUFootballViewController.swift */,
				97343784240DF56F0045CCC5 /* HUPUFollowViewController.swift */,
				97343786240DF5DD0045CCC5 /* HUPUCBAViewController.swift */,
			);
			path = ViewController;
			sourceTree = "<group>";
		};
		97343768240DEDF90045CCC5 /* Main */ = {
			isa = PBXGroup;
			children = (
				9734376F240DEEC50045CCC5 /* View */,
				9734376E240DEEB70045CCC5 /* ViewController */,
			);
			path = Main;
			sourceTree = "<group>";
		};
		97343769240DEE420045CCC5 /* Recommand */ = {
			isa = PBXGroup;
			children = (
				97343770240DEED80045CCC5 /* ViewController */,
			);
			path = Recommand;
			sourceTree = "<group>";
		};
		9734376A240DEE5B0045CCC5 /* Community */ = {
			isa = PBXGroup;
			children = (
				97EE42FB2412345F00084584 /* View */,
				97EE42F824122C6C00084584 /* Model */,
				97343777240DF1B90045CCC5 /* ViewController */,
			);
			path = Community;
			sourceTree = "<group>";
		};
		9734376B240DEE6D0045CCC5 /* Vedio */ = {
			isa = PBXGroup;
			children = (
				9734377A240DF1FD0045CCC5 /* ViewController */,
			);
			path = Vedio;
			sourceTree = "<group>";
		};
		9734376C240DEE7A0045CCC5 /* More */ = {
			isa = PBXGroup;
			children = (
				9734377D240DF2430045CCC5 /* ViewController */,
			);
			path = More;
			sourceTree = "<group>";
		};
		9734376E240DEEB70045CCC5 /* ViewController */ = {
			isa = PBXGroup;
			children = (
				970FEB99240CD51F00F19A2E /* HUPUMainViewController.swift */,
			);
			path = ViewController;
			sourceTree = "<group>";
		};
		9734376F240DEEC50045CCC5 /* View */ = {
			isa = PBXGroup;
			children = (
				970FEBAD240CD5F300F19A2E /* HupuContentView.swift */,
				970FEBAB240CD5C100F19A2E /* HupuTitleView.swift */,
				97A2261A240F49CF00223293 /* HupuSlideView.swift */,
			);
			path = View;
			sourceTree = "<group>";
		};
		97343770240DEED80045CCC5 /* ViewController */ = {
			isa = PBXGroup;
			children = (
				970FEBB1240D062500F19A2E /* HUPURecommandViewController.swift */,
			);
			path = ViewController;
			sourceTree = "<group>";
		};
		97343774240DF0530045CCC5 /* Common */ = {
			isa = PBXGroup;
			children = (
				97343775240DF07B0045CCC5 /* Common.swift */,
				97343788240DFDB50045CCC5 /* UIColor+Extension.swift */,
			);
			path = Common;
			sourceTree = "<group>";
		};
		97343777240DF1B90045CCC5 /* ViewController */ = {
			isa = PBXGroup;
			children = (
				97343778240DF1D50045CCC5 /* HUPUCommunityViewController.swift */,
				97EE42F2241222C000084584 /* CommunityFollowViewController.swift */,
				97EE42F4241222E300084584 /* CommunityTopicViewController.swift */,
			);
			path = ViewController;
			sourceTree = "<group>";
		};
		9734377A240DF1FD0045CCC5 /* ViewController */ = {
			isa = PBXGroup;
			children = (
				9734377B240DF2160045CCC5 /* HUPUVedioViewController.swift */,
			);
			path = ViewController;
			sourceTree = "<group>";
		};
		9734377D240DF2430045CCC5 /* ViewController */ = {
			isa = PBXGroup;
			children = (
				9734377E240DF2600045CCC5 /* HUPUMoreViewController.swift */,
			);
			path = ViewController;
			sourceTree = "<group>";
		};
		97EE42F824122C6C00084584 /* Model */ = {
			isa = PBXGroup;
			children = (
				97EE42F624122C6700084584 /* CommunityTopicModel.swift */,
			);
			path = Model;
			sourceTree = "<group>";
		};
		97EE42FB2412345F00084584 /* View */ = {
			isa = PBXGroup;
			children = (
				97EE42F92412345A00084584 /* CommunityTopicCell.swift */,
				97EE42FC2412356500084584 /* CommunityCatageryCell.swift */,
				973D843A2415E0650024702C /* CommunityTopicHeader.swift */,
			);
			path = View;
			sourceTree = "<group>";
		};
/* End PBXGroup section */

/* Begin PBXNativeTarget section */
		970FEB93240CD51F00F19A2E /* VTHupu */ = {
			isa = PBXNativeTarget;
			buildConfigurationList = 970FEBA6240CD52000F19A2E /* Build configuration list for PBXNativeTarget "VTHupu" */;
			buildPhases = (
				970FEB90240CD51F00F19A2E /* Sources */,
				970FEB91240CD51F00F19A2E /* Frameworks */,
				970FEB92240CD51F00F19A2E /* Resources */,
			);
			buildRules = (
			);
			dependencies = (
			);
			name = VTHupu;
			productName = VTHupu;
			productReference = 970FEB94240CD51F00F19A2E /* VTHupu.app */;
			productType = "com.apple.product-type.application";
		};
/* End PBXNativeTarget section */

/* Begin PBXProject section */
		970FEB8C240CD51F00F19A2E /* Project object */ = {
			isa = PBXProject;
			attributes = {
				LastSwiftUpdateCheck = 1010;
				LastUpgradeCheck = 1010;
				ORGANIZATIONNAME = ZWT;
				TargetAttributes = {
					970FEB93240CD51F00F19A2E = {
						CreatedOnToolsVersion = 10.1;
					};
				};
			};
			buildConfigurationList = 970FEB8F240CD51F00F19A2E /* Build configuration list for PBXProject "VTHupu" */;
			compatibilityVersion = "Xcode 9.3";
			developmentRegion = en;
			hasScannedForEncodings = 0;
			knownRegions = (
				en,
				Base,
			);
			mainGroup = 970FEB8B240CD51F00F19A2E;
			productRefGroup = 970FEB95240CD51F00F19A2E /* Products */;
			projectDirPath = "";
			projectRoot = "";
			targets = (
				970FEB93240CD51F00F19A2E /* VTHupu */,
			);
		};
/* End PBXProject section */

/* Begin PBXResourcesBuildPhase section */
		970FEB92240CD51F00F19A2E /* Resources */ = {
			isa = PBXResourcesBuildPhase;
			buildActionMask = 2147483647;
			files = (
				970FEBA2240CD52000F19A2E /* LaunchScreen.storyboard in Resources */,
				970FEB9F240CD52000F19A2E /* Assets.xcassets in Resources */,
				970FEB9D240CD51F00F19A2E /* Main.storyboard in Resources */,
			);
			runOnlyForDeploymentPostprocessing = 0;
		};
/* End PBXResourcesBuildPhase section */

/* Begin PBXSourcesBuildPhase section */
		970FEB90240CD51F00F19A2E /* Sources */ = {
			isa = PBXSourcesBuildPhase;
			buildActionMask = 2147483647;
			files = (
				9716CF772410A1AB00FB971F /* CKSlideMenu.swift in Sources */,
				9716CF7E2410EEAC00FB971F /* PopupMenu.swift in Sources */,
				970FEBAC240CD5C100F19A2E /* HupuTitleView.swift in Sources */,
				97343785240DF56F0045CCC5 /* HUPUFollowViewController.swift in Sources */,
				970FEBAE240CD5F300F19A2E /* HupuContentView.swift in Sources */,
				9716CF802410EEAC00FB971F /* PopupMenuPath.swift in Sources */,
				97EE42F724122C6700084584 /* CommunityTopicModel.swift in Sources */,
				97343781240DF5350045CCC5 /* HUPUNBAViewController.swift in Sources */,
				97EE42F3241222C000084584 /* CommunityFollowViewController.swift in Sources */,
				97EE42FD2412356500084584 /* CommunityCatageryCell.swift in Sources */,
				97343773240DF0370045CCC5 /* HUPUMatchViewController.swift in Sources */,
				9734377F240DF2600045CCC5 /* HUPUMoreViewController.swift in Sources */,
				970FEBB2240D062500F19A2E /* HUPURecommandViewController.swift in Sources */,
				97343787240DF5DD0045CCC5 /* HUPUCBAViewController.swift in Sources */,
				97343783240DF54E0045CCC5 /* HUPUFootballViewController.swift in Sources */,
				9716CF7F2410EEAC00FB971F /* RectConst.swift in Sources */,
				973D843B2415E0650024702C /* CommunityTopicHeader.swift in Sources */,
				97EE42F5241222E300084584 /* CommunityTopicViewController.swift in Sources */,
				97343789240DFDB50045CCC5 /* UIColor+Extension.swift in Sources */,
				9716CF7D2410EEAC00FB971F /* PopupMenuCell.swift in Sources */,
				9734377C240DF2160045CCC5 /* HUPUVedioViewController.swift in Sources */,
				970FEB9A240CD51F00F19A2E /* HUPUMainViewController.swift in Sources */,
				97A2261B240F49CF00223293 /* HupuSlideView.swift in Sources */,
				97EE42FA2412345A00084584 /* CommunityTopicCell.swift in Sources */,
				970FEB98240CD51F00F19A2E /* AppDelegate.swift in Sources */,
				97343779240DF1D50045CCC5 /* HUPUCommunityViewController.swift in Sources */,
				97343776240DF07B0045CCC5 /* Common.swift in Sources */,
			);
			runOnlyForDeploymentPostprocessing = 0;
		};
/* End PBXSourcesBuildPhase section */

/* Begin PBXVariantGroup section */
		970FEB9B240CD51F00F19A2E /* Main.storyboard */ = {
			isa = PBXVariantGroup;
			children = (
				970FEB9C240CD51F00F19A2E /* Base */,
			);
			name = Main.storyboard;
			sourceTree = "<group>";
		};
		970FEBA0240CD52000F19A2E /* LaunchScreen.storyboard */ = {
			isa = PBXVariantGroup;
			children = (
				970FEBA1240CD52000F19A2E /* Base */,
			);
			name = LaunchScreen.storyboard;
			sourceTree = "<group>";
		};
/* End PBXVariantGroup section */

/* Begin XCBuildConfiguration section */
		970FEBA4240CD52000F19A2E /* Debug */ = {
			isa = XCBuildConfiguration;
			buildSettings = {
				ALWAYS_SEARCH_USER_PATHS = NO;
				CLANG_ANALYZER_NONNULL = YES;
				CLANG_ANALYZER_NUMBER_OBJECT_CONVERSION = YES_AGGRESSIVE;
				CLANG_CXX_LANGUAGE_STANDARD = "gnu++14";
				CLANG_CXX_LIBRARY = "libc++";
				CLANG_ENABLE_MODULES = YES;
				CLANG_ENABLE_OBJC_ARC = YES;
				CLANG_ENABLE_OBJC_WEAK = YES;
				CLANG_WARN_BLOCK_CAPTURE_AUTORELEASING = YES;
				CLANG_WARN_BOOL_CONVERSION = YES;
				CLANG_WARN_COMMA = YES;
				CLANG_WARN_CONSTANT_CONVERSION = YES;
				CLANG_WARN_DEPRECATED_OBJC_IMPLEMENTATIONS = YES;
				CLANG_WARN_DIRECT_OBJC_ISA_USAGE = YES_ERROR;
				CLANG_WARN_DOCUMENTATION_COMMENTS = YES;
				CLANG_WARN_EMPTY_BODY = YES;
				CLANG_WARN_ENUM_CONVERSION = YES;
				CLANG_WARN_INFINITE_RECURSION = YES;
				CLANG_WARN_INT_CONVERSION = YES;
				CLANG_WARN_NON_LITERAL_NULL_CONVERSION = YES;
				CLANG_WARN_OBJC_IMPLICIT_RETAIN_SELF = YES;
				CLANG_WARN_OBJC_LITERAL_CONVERSION = YES;
				CLANG_WARN_OBJC_ROOT_CLASS = YES_ERROR;
				CLANG_WARN_RANGE_LOOP_ANALYSIS = YES;
				CLANG_WARN_STRICT_PROTOTYPES = YES;
				CLANG_WARN_SUSPICIOUS_MOVE = YES;
				CLANG_WARN_UNGUARDED_AVAILABILITY = YES_AGGRESSIVE;
				CLANG_WARN_UNREACHABLE_CODE = YES;
				CLANG_WARN__DUPLICATE_METHOD_MATCH = YES;
				CODE_SIGN_IDENTITY = "iPhone Developer";
				COPY_PHASE_STRIP = NO;
				DEBUG_INFORMATION_FORMAT = dwarf;
				ENABLE_STRICT_OBJC_MSGSEND = YES;
				ENABLE_TESTABILITY = YES;
				GCC_C_LANGUAGE_STANDARD = gnu11;
				GCC_DYNAMIC_NO_PIC = NO;
				GCC_NO_COMMON_BLOCKS = YES;
				GCC_OPTIMIZATION_LEVEL = 0;
				GCC_PREPROCESSOR_DEFINITIONS = (
					"DEBUG=1",
					"$(inherited)",
				);
				GCC_WARN_64_TO_32_BIT_CONVERSION = YES;
				GCC_WARN_ABOUT_RETURN_TYPE = YES_ERROR;
				GCC_WARN_UNDECLARED_SELECTOR = YES;
				GCC_WARN_UNINITIALIZED_AUTOS = YES_AGGRESSIVE;
				GCC_WARN_UNUSED_FUNCTION = YES;
				GCC_WARN_UNUSED_VARIABLE = YES;
				IPHONEOS_DEPLOYMENT_TARGET = 12.1;
				MTL_ENABLE_DEBUG_INFO = INCLUDE_SOURCE;
				MTL_FAST_MATH = YES;
				ONLY_ACTIVE_ARCH = YES;
				SDKROOT = iphoneos;
				SWIFT_ACTIVE_COMPILATION_CONDITIONS = DEBUG;
				SWIFT_OPTIMIZATION_LEVEL = "-Onone";
			};
			name = Debug;
		};
		970FEBA5240CD52000F19A2E /* Release */ = {
			isa = XCBuildConfiguration;
			buildSettings = {
				ALWAYS_SEARCH_USER_PATHS = NO;
				CLANG_ANALYZER_NONNULL = YES;
				CLANG_ANALYZER_NUMBER_OBJECT_CONVERSION = YES_AGGRESSIVE;
				CLANG_CXX_LANGUAGE_STANDARD = "gnu++14";
				CLANG_CXX_LIBRARY = "libc++";
				CLANG_ENABLE_MODULES = YES;
				CLANG_ENABLE_OBJC_ARC = YES;
				CLANG_ENABLE_OBJC_WEAK = YES;
				CLANG_WARN_BLOCK_CAPTURE_AUTORELEASING = YES;
				CLANG_WARN_BOOL_CONVERSION = YES;
				CLANG_WARN_COMMA = YES;
				CLANG_WARN_CONSTANT_CONVERSION = YES;
				CLANG_WARN_DEPRECATED_OBJC_IMPLEMENTATIONS = YES;
				CLANG_WARN_DIRECT_OBJC_ISA_USAGE = YES_ERROR;
				CLANG_WARN_DOCUMENTATION_COMMENTS = YES;
				CLANG_WARN_EMPTY_BODY = YES;
				CLANG_WARN_ENUM_CONVERSION = YES;
				CLANG_WARN_INFINITE_RECURSION = YES;
				CLANG_WARN_INT_CONVERSION = YES;
				CLANG_WARN_NON_LITERAL_NULL_CONVERSION = YES;
				CLANG_WARN_OBJC_IMPLICIT_RETAIN_SELF = YES;
				CLANG_WARN_OBJC_LITERAL_CONVERSION = YES;
				CLANG_WARN_OBJC_ROOT_CLASS = YES_ERROR;
				CLANG_WARN_RANGE_LOOP_ANALYSIS = YES;
				CLANG_WARN_STRICT_PROTOTYPES = YES;
				CLANG_WARN_SUSPICIOUS_MOVE = YES;
				CLANG_WARN_UNGUARDED_AVAILABILITY = YES_AGGRESSIVE;
				CLANG_WARN_UNREACHABLE_CODE = YES;
				CLANG_WARN__DUPLICATE_METHOD_MATCH = YES;
				CODE_SIGN_IDENTITY = "iPhone Developer";
				COPY_PHASE_STRIP = NO;
				DEBUG_INFORMATION_FORMAT = "dwarf-with-dsym";
				ENABLE_NS_ASSERTIONS = NO;
				ENABLE_STRICT_OBJC_MSGSEND = YES;
				GCC_C_LANGUAGE_STANDARD = gnu11;
				GCC_NO_COMMON_BLOCKS = YES;
				GCC_WARN_64_TO_32_BIT_CONVERSION = YES;
				GCC_WARN_ABOUT_RETURN_TYPE = YES_ERROR;
				GCC_WARN_UNDECLARED_SELECTOR = YES;
				GCC_WARN_UNINITIALIZED_AUTOS = YES_AGGRESSIVE;
				GCC_WARN_UNUSED_FUNCTION = YES;
				GCC_WARN_UNUSED_VARIABLE = YES;
				IPHONEOS_DEPLOYMENT_TARGET = 12.1;
				MTL_ENABLE_DEBUG_INFO = NO;
				MTL_FAST_MATH = YES;
				SDKROOT = iphoneos;
				SWIFT_COMPILATION_MODE = wholemodule;
				SWIFT_OPTIMIZATION_LEVEL = "-O";
				VALIDATE_PRODUCT = YES;
			};
			name = Release;
		};
		970FEBA7240CD52000F19A2E /* Debug */ = {
			isa = XCBuildConfiguration;
			buildSettings = {
				ASSETCATALOG_COMPILER_APPICON_NAME = AppIcon;
				CODE_SIGN_STYLE = Automatic;
				DEVELOPMENT_TEAM = LYQ65SW67D;
				INFOPLIST_FILE = VTHupu/Info.plist;
				IPHONEOS_DEPLOYMENT_TARGET = 10.2;
				LD_RUNPATH_SEARCH_PATHS = (
					"$(inherited)",
					"@executable_path/Frameworks",
				);
				PRODUCT_BUNDLE_IDENTIFIER = com.zwt.VTHupu;
				PRODUCT_NAME = "$(TARGET_NAME)";
				SWIFT_VERSION = 4.2;
				TARGETED_DEVICE_FAMILY = "1,2";
			};
			name = Debug;
		};
		970FEBA8240CD52000F19A2E /* Release */ = {
			isa = XCBuildConfiguration;
			buildSettings = {
				ASSETCATALOG_COMPILER_APPICON_NAME = AppIcon;
				CODE_SIGN_STYLE = Automatic;
				DEVELOPMENT_TEAM = LYQ65SW67D;
				INFOPLIST_FILE = VTHupu/Info.plist;
				IPHONEOS_DEPLOYMENT_TARGET = 10.2;
				LD_RUNPATH_SEARCH_PATHS = (
					"$(inherited)",
					"@executable_path/Frameworks",
				);
				PRODUCT_BUNDLE_IDENTIFIER = com.zwt.VTHupu;
				PRODUCT_NAME = "$(TARGET_NAME)";
				SWIFT_VERSION = 4.2;
				TARGETED_DEVICE_FAMILY = "1,2";
			};
			name = Release;
		};
/* End XCBuildConfiguration section */

/* Begin XCConfigurationList section */
		970FEB8F240CD51F00F19A2E /* Build configuration list for PBXProject "VTHupu" */ = {
			isa = XCConfigurationList;
			buildConfigurations = (
				970FEBA4240CD52000F19A2E /* Debug */,
				970FEBA5240CD52000F19A2E /* Release */,
			);
			defaultConfigurationIsVisible = 0;
			defaultConfigurationName = Release;
		};
		970FEBA6240CD52000F19A2E /* Build configuration list for PBXNativeTarget "VTHupu" */ = {
			isa = XCConfigurationList;
			buildConfigurations = (
				970FEBA7240CD52000F19A2E /* Debug */,
				970FEBA8240CD52000F19A2E /* Release */,
			);
			defaultConfigurationIsVisible = 0;
			defaultConfigurationName = Release;
		};
/* End XCConfigurationList section */
	};
	rootObject = 970FEB8C240CD51F00F19A2E /* Project object */;
}
